// !$*UTF8*$!
{
	archiveVersion = 1;
	classes = {
	};
	objectVersion = 46;
	objects = {

/* Begin PBXBuildFile section */
		1F28CBF11C2B82BA0096BDB8 /* ChooseAddressViewController.swift in Sources */ = {isa = PBXBuildFile; fileRef = 1F28CBF01C2B82BA0096BDB8 /* ChooseAddressViewController.swift */; };
		1F28CBF51C2B94620096BDB8 /* LabelViewController.swift in Sources */ = {isa = PBXBuildFile; fileRef = 1F28CBF41C2B94620096BDB8 /* LabelViewController.swift */; };
		1F809EB81C2949E100CD330C /* CandleController.swift in Sources */ = {isa = PBXBuildFile; fileRef = 1F809EB71C2949E100CD330C /* CandleController.swift */; };
		1F9B92C81C499C8000E5FE19 /* FunctionsViewController.swift in Sources */ = {isa = PBXBuildFile; fileRef = 1F9B92C71C499C8000E5FE19 /* FunctionsViewController.swift */; };
		1F9B92CB1C49A85900E5FE19 /* Bolts.framework in Frameworks */ = {isa = PBXBuildFile; fileRef = 1F9B92C91C49A85900E5FE19 /* Bolts.framework */; };
		1F9B92CC1C49A85900E5FE19 /* Parse.framework in Frameworks */ = {isa = PBXBuildFile; fileRef = 1F9B92CA1C49A85900E5FE19 /* Parse.framework */; };
		1F9B92CF1C49AAB600E5FE19 /* AudioToolbox.framework in Frameworks */ = {isa = PBXBuildFile; fileRef = 1F9B92CE1C49AAB600E5FE19 /* AudioToolbox.framework */; };
		1F9B92D11C49AAC200E5FE19 /* CFNetwork.framework in Frameworks */ = {isa = PBXBuildFile; fileRef = 1F9B92D01C49AAC200E5FE19 /* CFNetwork.framework */; };
		1F9B92D31C49AADF00E5FE19 /* CoreGraphics.framework in Frameworks */ = {isa = PBXBuildFile; fileRef = 1F9B92D21C49AADF00E5FE19 /* CoreGraphics.framework */; };
		1F9B92D51C49AAE600E5FE19 /* CoreLocation.framework in Frameworks */ = {isa = PBXBuildFile; fileRef = 1F9B92D41C49AAE600E5FE19 /* CoreLocation.framework */; };
		1F9B92D71C49AAED00E5FE19 /* QuartzCore.framework in Frameworks */ = {isa = PBXBuildFile; fileRef = 1F9B92D61C49AAED00E5FE19 /* QuartzCore.framework */; };
		1F9B92D91C49AAF400E5FE19 /* Security.framework in Frameworks */ = {isa = PBXBuildFile; fileRef = 1F9B92D81C49AAF400E5FE19 /* Security.framework */; };
		1F9B92DB1C49AAFC00E5FE19 /* StoreKit.framework in Frameworks */ = {isa = PBXBuildFile; fileRef = 1F9B92DA1C49AAFC00E5FE19 /* StoreKit.framework */; };
		1F9B92DD1C49AB0600E5FE19 /* SystemConfiguration.framework in Frameworks */ = {isa = PBXBuildFile; fileRef = 1F9B92DC1C49AB0600E5FE19 /* SystemConfiguration.framework */; };
		1F9B92DF1C49AB2C00E5FE19 /* libz.tbd in Frameworks */ = {isa = PBXBuildFile; fileRef = 1F9B92DE1C49AB2C00E5FE19 /* libz.tbd */; };
		1F9B92E11C49AB3600E5FE19 /* libsqlite3.tbd in Frameworks */ = {isa = PBXBuildFile; fileRef = 1F9B92E01C49AB3600E5FE19 /* libsqlite3.tbd */; };
		1FAA941D1C28C48C00CA200C /* AppDelegate.swift in Sources */ = {isa = PBXBuildFile; fileRef = 1FAA941C1C28C48C00CA200C /* AppDelegate.swift */; };
		1FAA94221C28C48C00CA200C /* Main.storyboard in Resources */ = {isa = PBXBuildFile; fileRef = 1FAA94201C28C48C00CA200C /* Main.storyboard */; };
		1FAA94241C28C48C00CA200C /* Assets.xcassets in Resources */ = {isa = PBXBuildFile; fileRef = 1FAA94231C28C48C00CA200C /* Assets.xcassets */; };
		1FAA94271C28C48C00CA200C /* LaunchScreen.storyboard in Resources */ = {isa = PBXBuildFile; fileRef = 1FAA94251C28C48C00CA200C /* LaunchScreen.storyboard */; };
		1FAA942F1C28C91B00CA200C /* NetworkController.swift in Sources */ = {isa = PBXBuildFile; fileRef = 1FAA942E1C28C91B00CA200C /* NetworkController.swift */; };
		1FAA94311C28CAAB00CA200C /* Holiday.swift in Sources */ = {isa = PBXBuildFile; fileRef = 1FAA94301C28CAAB00CA200C /* Holiday.swift */; };
		1FAA94331C28D91000CA200C /* Candle.swift in Sources */ = {isa = PBXBuildFile; fileRef = 1FAA94321C28D91000CA200C /* Candle.swift */; };
		1FAA94351C29019700CA200C /* LocationController.swift in Sources */ = {isa = PBXBuildFile; fileRef = 1FAA94341C29019700CA200C /* LocationController.swift */; };
		BB319D691C4C5D26006ADEF5 /* Home.swift in Sources */ = {isa = PBXBuildFile; fileRef = BB319D681C4C5D26006ADEF5 /* Home.swift */; };
		BB319D6B1C4C6E86006ADEF5 /* AppearenceController.swift in Sources */ = {isa = PBXBuildFile; fileRef = BB319D6A1C4C6E86006ADEF5 /* AppearenceController.swift */; };
		BB7E3C1E1C4CB41A00BF27FB /* Parsha.swift in Sources */ = {isa = PBXBuildFile; fileRef = BB7E3C1D1C4CB41A00BF27FB /* Parsha.swift */; };
		BBBA06A81C4476CE000E6BAA /* FirstViewController.swift in Sources */ = {isa = PBXBuildFile; fileRef = BBBA06A71C4476CE000E6BAA /* FirstViewController.swift */; };
		BBBA06AA1C4478AB000E6BAA /* SettingsController.swift in Sources */ = {isa = PBXBuildFile; fileRef = BBBA06A91C4478AB000E6BAA /* SettingsController.swift */; };
		BBBA06AC1C448B04000E6BAA /* questions.swift in Sources */ = {isa = PBXBuildFile; fileRef = BBBA06AB1C448B04000E6BAA /* questions.swift */; };
/* End PBXBuildFile section */

/* Begin PBXFileReference section */
		1F28CBF01C2B82BA0096BDB8 /* ChooseAddressViewController.swift */ = {isa = PBXFileReference; fileEncoding = 4; lastKnownFileType = sourcecode.swift; path = ChooseAddressViewController.swift; sourceTree = "<group>"; };
		1F28CBF41C2B94620096BDB8 /* LabelViewController.swift */ = {isa = PBXFileReference; fileEncoding = 4; lastKnownFileType = sourcecode.swift; path = LabelViewController.swift; sourceTree = "<group>"; };
		1F809EB71C2949E100CD330C /* CandleController.swift */ = {isa = PBXFileReference; fileEncoding = 4; lastKnownFileType = sourcecode.swift; name = CandleController.swift; path = ../CandleController.swift; sourceTree = "<group>"; };
		1F9B92C71C499C8000E5FE19 /* FunctionsViewController.swift */ = {isa = PBXFileReference; fileEncoding = 4; lastKnownFileType = sourcecode.swift; path = FunctionsViewController.swift; sourceTree = "<group>"; };
		1F9B92C91C49A85900E5FE19 /* Bolts.framework */ = {isa = PBXFileReference; lastKnownFileType = wrapper.framework; path = Bolts.framework; sourceTree = "<group>"; };
		1F9B92CA1C49A85900E5FE19 /* Parse.framework */ = {isa = PBXFileReference; lastKnownFileType = wrapper.framework; path = Parse.framework; sourceTree = "<group>"; };
		1F9B92CE1C49AAB600E5FE19 /* AudioToolbox.framework */ = {isa = PBXFileReference; lastKnownFileType = wrapper.framework; name = AudioToolbox.framework; path = System/Library/Frameworks/AudioToolbox.framework; sourceTree = SDKROOT; };
		1F9B92D01C49AAC200E5FE19 /* CFNetwork.framework */ = {isa = PBXFileReference; lastKnownFileType = wrapper.framework; name = CFNetwork.framework; path = System/Library/Frameworks/CFNetwork.framework; sourceTree = SDKROOT; };
		1F9B92D21C49AADF00E5FE19 /* CoreGraphics.framework */ = {isa = PBXFileReference; lastKnownFileType = wrapper.framework; name = CoreGraphics.framework; path = System/Library/Frameworks/CoreGraphics.framework; sourceTree = SDKROOT; };
		1F9B92D41C49AAE600E5FE19 /* CoreLocation.framework */ = {isa = PBXFileReference; lastKnownFileType = wrapper.framework; name = CoreLocation.framework; path = System/Library/Frameworks/CoreLocation.framework; sourceTree = SDKROOT; };
		1F9B92D61C49AAED00E5FE19 /* QuartzCore.framework */ = {isa = PBXFileReference; lastKnownFileType = wrapper.framework; name = QuartzCore.framework; path = System/Library/Frameworks/QuartzCore.framework; sourceTree = SDKROOT; };
		1F9B92D81C49AAF400E5FE19 /* Security.framework */ = {isa = PBXFileReference; lastKnownFileType = wrapper.framework; name = Security.framework; path = System/Library/Frameworks/Security.framework; sourceTree = SDKROOT; };
		1F9B92DA1C49AAFC00E5FE19 /* StoreKit.framework */ = {isa = PBXFileReference; lastKnownFileType = wrapper.framework; name = StoreKit.framework; path = System/Library/Frameworks/StoreKit.framework; sourceTree = SDKROOT; };
		1F9B92DC1C49AB0600E5FE19 /* SystemConfiguration.framework */ = {isa = PBXFileReference; lastKnownFileType = wrapper.framework; name = SystemConfiguration.framework; path = System/Library/Frameworks/SystemConfiguration.framework; sourceTree = SDKROOT; };
		1F9B92DE1C49AB2C00E5FE19 /* libz.tbd */ = {isa = PBXFileReference; lastKnownFileType = "sourcecode.text-based-dylib-definition"; name = libz.tbd; path = usr/lib/libz.tbd; sourceTree = SDKROOT; };
		1F9B92E01C49AB3600E5FE19 /* libsqlite3.tbd */ = {isa = PBXFileReference; lastKnownFileType = "sourcecode.text-based-dylib-definition"; name = libsqlite3.tbd; path = usr/lib/libsqlite3.tbd; sourceTree = SDKROOT; };
		1FAA94191C28C48C00CA200C /* bufferTime.app */ = {isa = PBXFileReference; explicitFileType = wrapper.application; includeInIndex = 0; path = bufferTime.app; sourceTree = BUILT_PRODUCTS_DIR; };
		1FAA941C1C28C48C00CA200C /* AppDelegate.swift */ = {isa = PBXFileReference; lastKnownFileType = sourcecode.swift; path = AppDelegate.swift; sourceTree = "<group>"; };
		1FAA94211C28C48C00CA200C /* Base */ = {isa = PBXFileReference; lastKnownFileType = file.storyboard; name = Base; path = Base.lproj/Main.storyboard; sourceTree = "<group>"; };
		1FAA94231C28C48C00CA200C /* Assets.xcassets */ = {isa = PBXFileReference; lastKnownFileType = folder.assetcatalog; path = Assets.xcassets; sourceTree = "<group>"; };
		1FAA94261C28C48C00CA200C /* Base */ = {isa = PBXFileReference; lastKnownFileType = file.storyboard; name = Base; path = Base.lproj/LaunchScreen.storyboard; sourceTree = "<group>"; };
		1FAA94281C28C48C00CA200C /* Info.plist */ = {isa = PBXFileReference; lastKnownFileType = text.plist.xml; path = Info.plist; sourceTree = "<group>"; };
		1FAA942E1C28C91B00CA200C /* NetworkController.swift */ = {isa = PBXFileReference; fileEncoding = 4; lastKnownFileType = sourcecode.swift; name = NetworkController.swift; path = ../NetworkController.swift; sourceTree = "<group>"; };
		1FAA94301C28CAAB00CA200C /* Holiday.swift */ = {isa = PBXFileReference; fileEncoding = 4; lastKnownFileType = sourcecode.swift; name = Holiday.swift; path = ../Holiday.swift; sourceTree = "<group>"; };
		1FAA94321C28D91000CA200C /* Candle.swift */ = {isa = PBXFileReference; fileEncoding = 4; lastKnownFileType = sourcecode.swift; name = Candle.swift; path = ../Candle.swift; sourceTree = "<group>"; };
		1FAA94341C29019700CA200C /* LocationController.swift */ = {isa = PBXFileReference; fileEncoding = 4; lastKnownFileType = sourcecode.swift; name = LocationController.swift; path = ../LocationController.swift; sourceTree = "<group>"; };
		BB319D681C4C5D26006ADEF5 /* Home.swift */ = {isa = PBXFileReference; fileEncoding = 4; lastKnownFileType = sourcecode.swift; path = Home.swift; sourceTree = "<group>"; };
		BB319D6A1C4C6E86006ADEF5 /* AppearenceController.swift */ = {isa = PBXFileReference; fileEncoding = 4; lastKnownFileType = sourcecode.swift; path = AppearenceController.swift; sourceTree = "<group>"; };
		BB7E3C1D1C4CB41A00BF27FB /* Parsha.swift */ = {isa = PBXFileReference; fileEncoding = 4; lastKnownFileType = sourcecode.swift; path = Parsha.swift; sourceTree = "<group>"; };
		BBBA06A71C4476CE000E6BAA /* FirstViewController.swift */ = {isa = PBXFileReference; fileEncoding = 4; lastKnownFileType = sourcecode.swift; path = FirstViewController.swift; sourceTree = "<group>"; };
		BBBA06A91C4478AB000E6BAA /* SettingsController.swift */ = {isa = PBXFileReference; fileEncoding = 4; lastKnownFileType = sourcecode.swift; path = SettingsController.swift; sourceTree = "<group>"; };
		BBBA06AB1C448B04000E6BAA /* questions.swift */ = {isa = PBXFileReference; fileEncoding = 4; lastKnownFileType = sourcecode.swift; path = questions.swift; sourceTree = "<group>"; };
/* End PBXFileReference section */

/* Begin PBXFrameworksBuildPhase section */
		1FAA94161C28C48C00CA200C /* Frameworks */ = {
			isa = PBXFrameworksBuildPhase;
			buildActionMask = 2147483647;
			files = (
				1F9B92E11C49AB3600E5FE19 /* libsqlite3.tbd in Frameworks */,
				1F9B92DF1C49AB2C00E5FE19 /* libz.tbd in Frameworks */,
				1F9B92DD1C49AB0600E5FE19 /* SystemConfiguration.framework in Frameworks */,
				1F9B92DB1C49AAFC00E5FE19 /* StoreKit.framework in Frameworks */,
				1F9B92D91C49AAF400E5FE19 /* Security.framework in Frameworks */,
				1F9B92D71C49AAED00E5FE19 /* QuartzCore.framework in Frameworks */,
				1F9B92D51C49AAE600E5FE19 /* CoreLocation.framework in Frameworks */,
				1F9B92D31C49AADF00E5FE19 /* CoreGraphics.framework in Frameworks */,
				1F9B92D11C49AAC200E5FE19 /* CFNetwork.framework in Frameworks */,
				1F9B92CF1C49AAB600E5FE19 /* AudioToolbox.framework in Frameworks */,
				1F9B92CC1C49A85900E5FE19 /* Parse.framework in Frameworks */,
				1F9B92CB1C49A85900E5FE19 /* Bolts.framework in Frameworks */,
			);
			runOnlyForDeploymentPostprocessing = 0;
		};
/* End PBXFrameworksBuildPhase section */

/* Begin PBXGroup section */
		1F28CBEA1C2B7B2B0096BDB8 /* Model */ = {
			isa = PBXGroup;
			children = (
				1FAA94321C28D91000CA200C /* Candle.swift */,
				1FAA94301C28CAAB00CA200C /* Holiday.swift */,
				BB319D681C4C5D26006ADEF5 /* Home.swift */,
				BB7E3C1D1C4CB41A00BF27FB /* Parsha.swift */,
			);
			name = Model;
			sourceTree = "<group>";
		};
		1F28CBEB1C2B7B3C0096BDB8 /* Controllers */ = {
			isa = PBXGroup;
			children = (
				BBBA06A91C4478AB000E6BAA /* SettingsController.swift */,
				BB319D6A1C4C6E86006ADEF5 /* AppearenceController.swift */,
				1FAA942E1C28C91B00CA200C /* NetworkController.swift */,
				1FAA94341C29019700CA200C /* LocationController.swift */,
				1F809EB71C2949E100CD330C /* CandleController.swift */,
			);
			name = Controllers;
			sourceTree = "<group>";
		};
		1F9B92CD1C49A85D00E5FE19 /* Parse */ = {
			isa = PBXGroup;
			children = (
				1F9B92E01C49AB3600E5FE19 /* libsqlite3.tbd */,
				1F9B92DE1C49AB2C00E5FE19 /* libz.tbd */,
				1F9B92DC1C49AB0600E5FE19 /* SystemConfiguration.framework */,
				1F9B92DA1C49AAFC00E5FE19 /* StoreKit.framework */,
				1F9B92D81C49AAF400E5FE19 /* Security.framework */,
				1F9B92D61C49AAED00E5FE19 /* QuartzCore.framework */,
				1F9B92D41C49AAE600E5FE19 /* CoreLocation.framework */,
				1F9B92D21C49AADF00E5FE19 /* CoreGraphics.framework */,
				1F9B92D01C49AAC200E5FE19 /* CFNetwork.framework */,
				1F9B92CE1C49AAB600E5FE19 /* AudioToolbox.framework */,
				1F9B92C91C49A85900E5FE19 /* Bolts.framework */,
				1F9B92CA1C49A85900E5FE19 /* Parse.framework */,
			);
			name = Parse;
			sourceTree = "<group>";
		};
		1FAA94101C28C48C00CA200C = {
			isa = PBXGroup;
			children = (
				1FAA941B1C28C48C00CA200C /* bufferTime */,
				1FAA941A1C28C48C00CA200C /* Products */,
			);
			sourceTree = "<group>";
		};
		1FAA941A1C28C48C00CA200C /* Products */ = {
			isa = PBXGroup;
			children = (
				1FAA94191C28C48C00CA200C /* bufferTime.app */,
			);
			name = Products;
			sourceTree = "<group>";
		};
		1FAA941B1C28C48C00CA200C /* bufferTime */ = {
			isa = PBXGroup;
			children = (
				1F9B92CD1C49A85D00E5FE19 /* Parse */,
				BB66838A1C3358D900D63CFB /* Views */,
				1F28CBEB1C2B7B3C0096BDB8 /* Controllers */,
				1F28CBEA1C2B7B2B0096BDB8 /* Model */,
				1FAA941C1C28C48C00CA200C /* AppDelegate.swift */,
				BBBA06AB1C448B04000E6BAA /* questions.swift */,
				1F9B92C71C499C8000E5FE19 /* FunctionsViewController.swift */,
				1FAA94201C28C48C00CA200C /* Main.storyboard */,
				1FAA94231C28C48C00CA200C /* Assets.xcassets */,
				1FAA94251C28C48C00CA200C /* LaunchScreen.storyboard */,
				1FAA94281C28C48C00CA200C /* Info.plist */,
			);
			path = bufferTime;
			sourceTree = "<group>";
		};
		BB66838A1C3358D900D63CFB /* Views */ = {
			isa = PBXGroup;
			children = (
				1F28CBF41C2B94620096BDB8 /* LabelViewController.swift */,
				1F28CBF01C2B82BA0096BDB8 /* ChooseAddressViewController.swift */,
				BBBA06A71C4476CE000E6BAA /* FirstViewController.swift */,
			);
			name = Views;
			sourceTree = "<group>";
		};
/* End PBXGroup section */

/* Begin PBXNativeTarget section */
		1FAA94181C28C48C00CA200C /* bufferTime */ = {
			isa = PBXNativeTarget;
			buildConfigurationList = 1FAA942B1C28C48C00CA200C /* Build configuration list for PBXNativeTarget "bufferTime" */;
			buildPhases = (
				1FAA94151C28C48C00CA200C /* Sources */,
				1FAA94161C28C48C00CA200C /* Frameworks */,
				1FAA94171C28C48C00CA200C /* Resources */,
			);
			buildRules = (
			);
			dependencies = (
			);
			name = bufferTime;
			productName = bufferTime;
			productReference = 1FAA94191C28C48C00CA200C /* bufferTime.app */;
			productType = "com.apple.product-type.application";
		};
/* End PBXNativeTarget section */

/* Begin PBXProject section */
		1FAA94111C28C48C00CA200C /* Project object */ = {
			isa = PBXProject;
			attributes = {
				LastSwiftUpdateCheck = 0720;
				LastUpgradeCheck = 0720;
				ORGANIZATIONNAME = JustWilks;
				TargetAttributes = {
					1FAA94181C28C48C00CA200C = {
						CreatedOnToolsVersion = 7.2;
						DevelopmentTeam = X83T84WPSN;
						SystemCapabilities = {
							com.apple.Push = {
								enabled = 1;
							};
						};
					};
				};
			};
			buildConfigurationList = 1FAA94141C28C48C00CA200C /* Build configuration list for PBXProject "bufferTime" */;
			compatibilityVersion = "Xcode 3.2";
			developmentRegion = English;
			hasScannedForEncodings = 0;
			knownRegions = (
				en,
				Base,
			);
			mainGroup = 1FAA94101C28C48C00CA200C;
			productRefGroup = 1FAA941A1C28C48C00CA200C /* Products */;
			projectDirPath = "";
			projectRoot = "";
			targets = (
				1FAA94181C28C48C00CA200C /* bufferTime */,
			);
		};
/* End PBXProject section */

/* Begin PBXResourcesBuildPhase section */
		1FAA94171C28C48C00CA200C /* Resources */ = {
			isa = PBXResourcesBuildPhase;
			buildActionMask = 2147483647;
			files = (
				1FAA94271C28C48C00CA200C /* LaunchScreen.storyboard in Resources */,
				1FAA94241C28C48C00CA200C /* Assets.xcassets in Resources */,
				1FAA94221C28C48C00CA200C /* Main.storyboard in Resources */,
			);
			runOnlyForDeploymentPostprocessing = 0;
		};
/* End PBXResourcesBuildPhase section */

/* Begin PBXSourcesBuildPhase section */
		1FAA94151C28C48C00CA200C /* Sources */ = {
			isa = PBXSourcesBuildPhase;
			buildActionMask = 2147483647;
			files = (
				1F9B92C81C499C8000E5FE19 /* FunctionsViewController.swift in Sources */,
				BB7E3C1E1C4CB41A00BF27FB /* Parsha.swift in Sources */,
				BB319D6B1C4C6E86006ADEF5 /* AppearenceController.swift in Sources */,
				1FAA941D1C28C48C00CA200C /* AppDelegate.swift in Sources */,
				1F28CBF11C2B82BA0096BDB8 /* ChooseAddressViewController.swift in Sources */,
				BB319D691C4C5D26006ADEF5 /* Home.swift in Sources */,
				BBBA06A81C4476CE000E6BAA /* FirstViewController.swift in Sources */,
				1FAA94311C28CAAB00CA200C /* Holiday.swift in Sources */,
				BBBA06AC1C448B04000E6BAA /* questions.swift in Sources */,
				1FAA942F1C28C91B00CA200C /* NetworkController.swift in Sources */,
				1F809EB81C2949E100CD330C /* CandleController.swift in Sources */,
				BBBA06AA1C4478AB000E6BAA /* SettingsController.swift in Sources */,
				1FAA94351C29019700CA200C /* LocationController.swift in Sources */,
				1FAA94331C28D91000CA200C /* Candle.swift in Sources */,
				1F28CBF51C2B94620096BDB8 /* LabelViewController.swift in Sources */,
			);
			runOnlyForDeploymentPostprocessing = 0;
		};
/* End PBXSourcesBuildPhase section */

/* Begin PBXVariantGroup section */
		1FAA94201C28C48C00CA200C /* Main.storyboard */ = {
			isa = PBXVariantGroup;
			children = (
				1FAA94211C28C48C00CA200C /* Base */,
			);
			name = Main.storyboard;
			sourceTree = "<group>";
		};
		1FAA94251C28C48C00CA200C /* LaunchScreen.storyboard */ = {
			isa = PBXVariantGroup;
			children = (
				1FAA94261C28C48C00CA200C /* Base */,
			);
			name = LaunchScreen.storyboard;
			sourceTree = "<group>";
		};
/* End PBXVariantGroup section */

/* Begin XCBuildConfiguration section */
		1FAA94291C28C48C00CA200C /* Debug */ = {
			isa = XCBuildConfiguration;
			buildSettings = {
				ALWAYS_SEARCH_USER_PATHS = NO;
				CLANG_CXX_LANGUAGE_STANDARD = "gnu++0x";
				CLANG_CXX_LIBRARY = "libc++";
				CLANG_ENABLE_MODULES = YES;
				CLANG_ENABLE_OBJC_ARC = YES;
				CLANG_WARN_BOOL_CONVERSION = YES;
				CLANG_WARN_CONSTANT_CONVERSION = YES;
				CLANG_WARN_DIRECT_OBJC_ISA_USAGE = YES_ERROR;
				CLANG_WARN_EMPTY_BODY = YES;
				CLANG_WARN_ENUM_CONVERSION = YES;
				CLANG_WARN_INT_CONVERSION = YES;
				CLANG_WARN_OBJC_ROOT_CLASS = YES_ERROR;
				CLANG_WARN_UNREACHABLE_CODE = YES;
				CLANG_WARN__DUPLICATE_METHOD_MATCH = YES;
				"CODE_SIGN_IDENTITY[sdk=iphoneos*]" = "iPhone Developer";
				COPY_PHASE_STRIP = NO;
				DEBUG_INFORMATION_FORMAT = dwarf;
				ENABLE_STRICT_OBJC_MSGSEND = YES;
				ENABLE_TESTABILITY = YES;
				GCC_C_LANGUAGE_STANDARD = gnu99;
				GCC_DYNAMIC_NO_PIC = NO;
				GCC_NO_COMMON_BLOCKS = YES;
				GCC_OPTIMIZATION_LEVEL = 0;
				GCC_PREPROCESSOR_DEFINITIONS = (
					"DEBUG=1",
					"$(inherited)",
				);
				GCC_WARN_64_TO_32_BIT_CONVERSION = YES;
				GCC_WARN_ABOUT_RETURN_TYPE = YES_ERROR;
				GCC_WARN_UNDECLARED_SELECTOR = YES;
				GCC_WARN_UNINITIALIZED_AUTOS = YES_AGGRESSIVE;
				GCC_WARN_UNUSED_FUNCTION = YES;
				GCC_WARN_UNUSED_VARIABLE = YES;
				IPHONEOS_DEPLOYMENT_TARGET = 9.2;
				MTL_ENABLE_DEBUG_INFO = YES;
				ONLY_ACTIVE_ARCH = YES;
				SDKROOT = iphoneos;
				SWIFT_OPTIMIZATION_LEVEL = "-Onone";
			};
			name = Debug;
		};
		1FAA942A1C28C48C00CA200C /* Release */ = {
			isa = XCBuildConfiguration;
			buildSettings = {
				ALWAYS_SEARCH_USER_PATHS = NO;
				CLANG_CXX_LANGUAGE_STANDARD = "gnu++0x";
				CLANG_CXX_LIBRARY = "libc++";
				CLANG_ENABLE_MODULES = YES;
				CLANG_ENABLE_OBJC_ARC = YES;
				CLANG_WARN_BOOL_CONVERSION = YES;
				CLANG_WARN_CONSTANT_CONVERSION = YES;
				CLANG_WARN_DIRECT_OBJC_ISA_USAGE = YES_ERROR;
				CLANG_WARN_EMPTY_BODY = YES;
				CLANG_WARN_ENUM_CONVERSION = YES;
				CLANG_WARN_INT_CONVERSION = YES;
				CLANG_WARN_OBJC_ROOT_CLASS = YES_ERROR;
				CLANG_WARN_UNREACHABLE_CODE = YES;
				CLANG_WARN__DUPLICATE_METHOD_MATCH = YES;
				"CODE_SIGN_IDENTITY[sdk=iphoneos*]" = "iPhone Developer";
				COPY_PHASE_STRIP = NO;
				DEBUG_INFORMATION_FORMAT = "dwarf-with-dsym";
				ENABLE_NS_ASSERTIONS = NO;
				ENABLE_STRICT_OBJC_MSGSEND = YES;
				GCC_C_LANGUAGE_STANDARD = gnu99;
				GCC_NO_COMMON_BLOCKS = YES;
				GCC_WARN_64_TO_32_BIT_CONVERSION = YES;
				GCC_WARN_ABOUT_RETURN_TYPE = YES_ERROR;
				GCC_WARN_UNDECLARED_SELECTOR = YES;
				GCC_WARN_UNINITIALIZED_AUTOS = YES_AGGRESSIVE;
				GCC_WARN_UNUSED_FUNCTION = YES;
				GCC_WARN_UNUSED_VARIABLE = YES;
				IPHONEOS_DEPLOYMENT_TARGET = 9.2;
				MTL_ENABLE_DEBUG_INFO = NO;
				SDKROOT = iphoneos;
				VALIDATE_PRODUCT = YES;
			};
			name = Release;
		};
		1FAA942C1C28C48C00CA200C /* Debug */ = {
			isa = XCBuildConfiguration;
			buildSettings = {
				ASSETCATALOG_COMPILER_APPICON_NAME = AppIcon;
				CODE_SIGN_IDENTITY = "iPhone Developer";
				FRAMEWORK_SEARCH_PATHS = (
					"$(inherited)",
					"$(PROJECT_DIR)/bufferTime",
				);
				INFOPLIST_FILE = bufferTime/Info.plist;
				IPHONEOS_DEPLOYMENT_TARGET = 9.1;
				LD_RUNPATH_SEARCH_PATHS = "$(inherited) @executable_path/Frameworks";
				PRODUCT_BUNDLE_IDENTIFIER = com.justwilks.bufferTime;
				PRODUCT_NAME = "$(TARGET_NAME)";
			};
			name = Debug;
		};
		1FAA942D1C28C48C00CA200C /* Release */ = {
			isa = XCBuildConfiguration;
			buildSettings = {
				ASSETCATALOG_COMPILER_APPICON_NAME = AppIcon;
				CODE_SIGN_IDENTITY = "iPhone Developer";
				FRAMEWORK_SEARCH_PATHS = (
					"$(inherited)",
					"$(PROJECT_DIR)/bufferTime",
				);
				INFOPLIST_FILE = bufferTime/Info.plist;
				IPHONEOS_DEPLOYMENT_TARGET = 9.1;
				LD_RUNPATH_SEARCH_PATHS = "$(inherited) @executable_path/Frameworks";
				PRODUCT_BUNDLE_IDENTIFIER = com.justwilks.bufferTime;
				PRODUCT_NAME = "$(TARGET_NAME)";
			};
			name = Release;
		};
/* End XCBuildConfiguration section */

/* Begin XCConfigurationList section */
		1FAA94141C28C48C00CA200C /* Build configuration list for PBXProject "bufferTime" */ = {
			isa = XCConfigurationList;
			buildConfigurations = (
				1FAA94291C28C48C00CA200C /* Debug */,
				1FAA942A1C28C48C00CA200C /* Release */,
			);
			defaultConfigurationIsVisible = 0;
			defaultConfigurationName = Release;
		};
		1FAA942B1C28C48C00CA200C /* Build configuration list for PBXNativeTarget "bufferTime" */ = {
			isa = XCConfigurationList;
			buildConfigurations = (
				1FAA942C1C28C48C00CA200C /* Debug */,
				1FAA942D1C28C48C00CA200C /* Release */,
			);
			defaultConfigurationIsVisible = 0;
			defaultConfigurationName = Release;
		};
/* End XCConfigurationList section */
	};
	rootObject = 1FAA94111C28C48C00CA200C /* Project object */;
}
